
Microsoft Visual Studio Solution File, Format Version 12.00
# Visual Studio Version 17
VisualStudioVersion = 17.3.32811.315
MinimumVisualStudioVersion = 10.0.40219.1
Project("{FAE04EC0-301F-11D3-BF4B-00C04F79EFBC}") = "mystore", "mystore\mystore.csproj", "{CC20E4BD-669E-41A0-85E6-11EF62E7D643}"
EndProject
Global
	GlobalSection(SolutionConfigurationPlatforms) = preSolution
		Debug|Any CPU = Debug|Any CPU
		Release|Any CPU = Release|Any CPU
	EndGlobalSection
	GlobalSection(ProjectConfigurationPlatforms) = postSolution
		{CC20E4BD-669E-41A0-85E6-11EF62E7D643}.Debug|Any CPU.ActiveCfg = Debug|Any CPU
		{CC20E4BD-669E-41A0-85E6-11EF62E7D643}.Debug|Any CPU.Build.0 = Debug|Any CPU
		{CC20E4BD-669E-41A0-85E6-11EF62E7D643}.Release|Any CPU.ActiveCfg = Release|Any CPU
		{CC20E4BD-669E-41A0-85E6-11EF62E7D643}.Release|Any CPU.Build.0 = Release|Any CPU
	EndGlobalSection
	GlobalSection(SolutionProperties) = preSolution
		HideSolutionNode = FALSE
	EndGlobalSection
	GlobalSection(ExtensibilityGlobals) = postSolution
		SolutionGuid = {F7B19DC8-4D0F-4B19-A26E-B3166CE8C110}
	EndGlobalSection
EndGlobal
